
Microsoft Visual Studio Solution File, Format Version 12.00
# Visual Studio Version 17
VisualStudioVersion = 17.0.31903.59
MinimumVisualStudioVersion = 10.0.40219.1
Project("{2150E333-8FDC-42A3-9474-1A3956D46DE8}") = "src", "src", "{827E0CD3-B72D-47B6-A68D-7590B98EB39B}"
EndProject
Project("{FAE04EC0-301F-11D3-BF4B-00C04F79EFBC}") = "PhysioBook.Api", "src\PhysioBook.Api\PhysioBook.Api.csproj", "{25C67195-A02D-45C1-B3AE-487CF043DAB5}"
EndProject
Project("{FAE04EC0-301F-11D3-BF4B-00C04F79EFBC}") = "PhysioBook.Application", "src\PhysioBook.Application\PhysioBook.Application.csproj", "{3F5D3D09-52F7-4A8B-961D-8199910B0CE7}"
EndProject
Project("{FAE04EC0-301F-11D3-BF4B-00C04F79EFBC}") = "PhysioBook.Domain", "src\PhysioBook.Domain\PhysioBook.Domain.csproj", "{4BDD5C67-979A-4DBF-8351-7FB6AC140F51}"
EndProject
Project("{FAE04EC0-301F-11D3-BF4B-00C04F79EFBC}") = "PhysioBook.Infrastructure", "src\PhysioBook.Infrastructure\PhysioBook.Infrastructure.csproj", "{9043DF60-E03B-4FC2-AD06-95883AD17178}"
EndProject
Project("{2150E333-8FDC-42A3-9474-1A3956D46DE8}") = "tests", "tests", "{0AB3BF05-4346-4AA6-1389-037BE0695223}"
EndProject
Project("{FAE04EC0-301F-11D3-BF4B-00C04F79EFBC}") = "PhysioBook.UnitTests", "tests\PhysioBook.UnitTests\PhysioBook.UnitTests.csproj", "{1634BA4E-0A47-471E-8E07-F785B01DA0ED}"
EndProject
Project("{FAE04EC0-301F-11D3-BF4B-00C04F79EFBC}") = "PhysioBook.IntegrationTests", "tests\PhysioBook.IntegrationTests\PhysioBook.IntegrationTests.csproj", "{51C88793-A530-4812-AA6D-E4702BCBEC9B}"
EndProject
Global
	GlobalSection(SolutionConfigurationPlatforms) = preSolution
		Debug|Any CPU = Debug|Any CPU
		Debug|x64 = Debug|x64
		Debug|x86 = Debug|x86
		Release|Any CPU = Release|Any CPU
		Release|x64 = Release|x64
		Release|x86 = Release|x86
	EndGlobalSection
	GlobalSection(ProjectConfigurationPlatforms) = postSolution
		{25C67195-A02D-45C1-B3AE-487CF043DAB5}.Debug|Any CPU.ActiveCfg = Debug|Any CPU
		{25C67195-A02D-45C1-B3AE-487CF043DAB5}.Debug|Any CPU.Build.0 = Debug|Any CPU
		{25C67195-A02D-45C1-B3AE-487CF043DAB5}.Debug|x64.ActiveCfg = Debug|Any CPU
		{25C67195-A02D-45C1-B3AE-487CF043DAB5}.Debug|x64.Build.0 = Debug|Any CPU
		{25C67195-A02D-45C1-B3AE-487CF043DAB5}.Debug|x86.ActiveCfg = Debug|Any CPU
		{25C67195-A02D-45C1-B3AE-487CF043DAB5}.Debug|x86.Build.0 = Debug|Any CPU
		{25C67195-A02D-45C1-B3AE-487CF043DAB5}.Release|Any CPU.ActiveCfg = Release|Any CPU
		{25C67195-A02D-45C1-B3AE-487CF043DAB5}.Release|Any CPU.Build.0 = Release|Any CPU
		{25C67195-A02D-45C1-B3AE-487CF043DAB5}.Release|x64.ActiveCfg = Release|Any CPU
		{25C67195-A02D-45C1-B3AE-487CF043DAB5}.Release|x64.Build.0 = Release|Any CPU
		{25C67195-A02D-45C1-B3AE-487CF043DAB5}.Release|x86.ActiveCfg = Release|Any CPU
		{25C67195-A02D-45C1-B3AE-487CF043DAB5}.Release|x86.Build.0 = Release|Any CPU
		{3F5D3D09-52F7-4A8B-961D-8199910B0CE7}.Debug|Any CPU.ActiveCfg = Debug|Any CPU
		{3F5D3D09-52F7-4A8B-961D-8199910B0CE7}.Debug|Any CPU.Build.0 = Debug|Any CPU
		{3F5D3D09-52F7-4A8B-961D-8199910B0CE7}.Debug|x64.ActiveCfg = Debug|Any CPU
		{3F5D3D09-52F7-4A8B-961D-8199910B0CE7}.Debug|x64.Build.0 = Debug|Any CPU
		{3F5D3D09-52F7-4A8B-961D-8199910B0CE7}.Debug|x86.ActiveCfg = Debug|Any CPU
		{3F5D3D09-52F7-4A8B-961D-8199910B0CE7}.Debug|x86.Build.0 = Debug|Any CPU
		{3F5D3D09-52F7-4A8B-961D-8199910B0CE7}.Release|Any CPU.ActiveCfg = Release|Any CPU
		{3F5D3D09-52F7-4A8B-961D-8199910B0CE7}.Release|Any CPU.Build.0 = Release|Any CPU
		{3F5D3D09-52F7-4A8B-961D-8199910B0CE7}.Release|x64.ActiveCfg = Release|Any CPU
		{3F5D3D09-52F7-4A8B-961D-8199910B0CE7}.Release|x64.Build.0 = Release|Any CPU
		{3F5D3D09-52F7-4A8B-961D-8199910B0CE7}.Release|x86.ActiveCfg = Release|Any CPU
		{3F5D3D09-52F7-4A8B-961D-8199910B0CE7}.Release|x86.Build.0 = Release|Any CPU
		{4BDD5C67-979A-4DBF-8351-7FB6AC140F51}.Debug|Any CPU.ActiveCfg = Debug|Any CPU
		{4BDD5C67-979A-4DBF-8351-7FB6AC140F51}.Debug|Any CPU.Build.0 = Debug|Any CPU
		{4BDD5C67-979A-4DBF-8351-7FB6AC140F51}.Debug|x64.ActiveCfg = Debug|Any CPU
		{4BDD5C67-979A-4DBF-8351-7FB6AC140F51}.Debug|x64.Build.0 = Debug|Any CPU
		{4BDD5C67-979A-4DBF-8351-7FB6AC140F51}.Debug|x86.ActiveCfg = Debug|Any CPU
		{4BDD5C67-979A-4DBF-8351-7FB6AC140F51}.Debug|x86.Build.0 = Debug|Any CPU
		{4BDD5C67-979A-4DBF-8351-7FB6AC140F51}.Release|Any CPU.ActiveCfg = Release|Any CPU
		{4BDD5C67-979A-4DBF-8351-7FB6AC140F51}.Release|Any CPU.Build.0 = Release|Any CPU
		{4BDD5C67-979A-4DBF-8351-7FB6AC140F51}.Release|x64.ActiveCfg = Release|Any CPU
		{4BDD5C67-979A-4DBF-8351-7FB6AC140F51}.Release|x64.Build.0 = Release|Any CPU
		{4BDD5C67-979A-4DBF-8351-7FB6AC140F51}.Release|x86.ActiveCfg = Release|Any CPU
		{4BDD5C67-979A-4DBF-8351-7FB6AC140F51}.Release|x86.Build.0 = Release|Any CPU
		{9043DF60-E03B-4FC2-AD06-95883AD17178}.Debug|Any CPU.ActiveCfg = Debug|Any CPU
		{9043DF60-E03B-4FC2-AD06-95883AD17178}.Debug|Any CPU.Build.0 = Debug|Any CPU
		{9043DF60-E03B-4FC2-AD06-95883AD17178}.Debug|x64.ActiveCfg = Debug|Any CPU
		{9043DF60-E03B-4FC2-AD06-95883AD17178}.Debug|x64.Build.0 = Debug|Any CPU
		{9043DF60-E03B-4FC2-AD06-95883AD17178}.Debug|x86.ActiveCfg = Debug|Any CPU
		{9043DF60-E03B-4FC2-AD06-95883AD17178}.Debug|x86.Build.0 = Debug|Any CPU
		{9043DF60-E03B-4FC2-AD06-95883AD17178}.Release|Any CPU.ActiveCfg = Release|Any CPU
		{9043DF60-E03B-4FC2-AD06-95883AD17178}.Release|Any CPU.Build.0 = Release|Any CPU
		{9043DF60-E03B-4FC2-AD06-95883AD17178}.Release|x64.ActiveCfg = Release|Any CPU
		{9043DF60-E03B-4FC2-AD06-95883AD17178}.Release|x64.Build.0 = Release|Any CPU
		{9043DF60-E03B-4FC2-AD06-95883AD17178}.Release|x86.ActiveCfg = Release|Any CPU
		{9043DF60-E03B-4FC2-AD06-95883AD17178}.Release|x86.Build.0 = Release|Any CPU
		{1634BA4E-0A47-471E-8E07-F785B01DA0ED}.Debug|Any CPU.ActiveCfg = Debug|Any CPU
		{1634BA4E-0A47-471E-8E07-F785B01DA0ED}.Debug|Any CPU.Build.0 = Debug|Any CPU
		{1634BA4E-0A47-471E-8E07-F785B01DA0ED}.Debug|x64.ActiveCfg = Debug|Any CPU
		{1634BA4E-0A47-471E-8E07-F785B01DA0ED}.Debug|x64.Build.0 = Debug|Any CPU
		{1634BA4E-0A47-471E-8E07-F785B01DA0ED}.Debug|x86.ActiveCfg = Debug|Any CPU
		{1634BA4E-0A47-471E-8E07-F785B01DA0ED}.Debug|x86.Build.0 = Debug|Any CPU
		{1634BA4E-0A47-471E-8E07-F785B01DA0ED}.Release|Any CPU.ActiveCfg = Release|Any CPU
		{1634BA4E-0A47-471E-8E07-F785B01DA0ED}.Release|Any CPU.Build.0 = Release|Any CPU
		{1634BA4E-0A47-471E-8E07-F785B01DA0ED}.Release|x64.ActiveCfg = Release|Any CPU
		{1634BA4E-0A47-471E-8E07-F785B01DA0ED}.Release|x64.Build.0 = Release|Any CPU
		{1634BA4E-0A47-471E-8E07-F785B01DA0ED}.Release|x86.ActiveCfg = Release|Any CPU
		{1634BA4E-0A47-471E-8E07-F785B01DA0ED}.Release|x86.Build.0 = Release|Any CPU
		{51C88793-A530-4812-AA6D-E4702BCBEC9B}.Debug|Any CPU.ActiveCfg = Debug|Any CPU
		{51C88793-A530-4812-AA6D-E4702BCBEC9B}.Debug|Any CPU.Build.0 = Debug|Any CPU
		{51C88793-A530-4812-AA6D-E4702BCBEC9B}.Debug|x64.ActiveCfg = Debug|Any CPU
		{51C88793-A530-4812-AA6D-E4702BCBEC9B}.Debug|x64.Build.0 = Debug|Any CPU
		{51C88793-A530-4812-AA6D-E4702BCBEC9B}.Debug|x86.ActiveCfg = Debug|Any CPU
		{51C88793-A530-4812-AA6D-E4702BCBEC9B}.Debug|x86.Build.0 = Debug|Any CPU
		{51C88793-A530-4812-AA6D-E4702BCBEC9B}.Release|Any CPU.ActiveCfg = Release|Any CPU
		{51C88793-A530-4812-AA6D-E4702BCBEC9B}.Release|Any CPU.Build.0 = Release|Any CPU
		{51C88793-A530-4812-AA6D-E4702BCBEC9B}.Release|x64.ActiveCfg = Release|Any CPU
		{51C88793-A530-4812-AA6D-E4702BCBEC9B}.Release|x64.Build.0 = Release|Any CPU
		{51C88793-A530-4812-AA6D-E4702BCBEC9B}.Release|x86.ActiveCfg = Release|Any CPU
		{51C88793-A530-4812-AA6D-E4702BCBEC9B}.Release|x86.Build.0 = Release|Any CPU
	EndGlobalSection
	GlobalSection(SolutionProperties) = preSolution
		HideSolutionNode = FALSE
	EndGlobalSection
	GlobalSection(NestedProjects) = preSolution
		{25C67195-A02D-45C1-B3AE-487CF043DAB5} = {827E0CD3-B72D-47B6-A68D-7590B98EB39B}
		{3F5D3D09-52F7-4A8B-961D-8199910B0CE7} = {827E0CD3-B72D-47B6-A68D-7590B98EB39B}
		{4BDD5C67-979A-4DBF-8351-7FB6AC140F51} = {827E0CD3-B72D-47B6-A68D-7590B98EB39B}
		{9043DF60-E03B-4FC2-AD06-95883AD17178} = {827E0CD3-B72D-47B6-A68D-7590B98EB39B}
		{1634BA4E-0A47-471E-8E07-F785B01DA0ED} = {0AB3BF05-4346-4AA6-1389-037BE0695223}
		{51C88793-A530-4812-AA6D-E4702BCBEC9B} = {0AB3BF05-4346-4AA6-1389-037BE0695223}
	EndGlobalSection
EndGlobal
